
Microsoft Visual Studio Solution File, Format Version 12.00
# Visual Studio Version 17
VisualStudioVersion = 17.8.34309.116
MinimumVisualStudioVersion = 10.0.40219.1
Project("{9A19103F-16F7-4668-BE54-9A1E7A4F7556}") = "IndividualCalendar", "IndividualCalendar.csproj", "{2909836D-15BB-4391-85D6-880193787C6C}"
EndProject
Global
	GlobalSection(SolutionConfigurationPlatforms) = preSolution
		Debug|Any CPU = Debug|Any CPU
		Release|Any CPU = Release|Any CPU
		Test|Any CPU = Test|Any CPU
	EndGlobalSection
	GlobalSection(ProjectConfigurationPlatforms) = postSolution
		{2909836D-15BB-4391-85D6-880193787C6C}.Debug|Any CPU.ActiveCfg = Debug|Any CPU
		{2909836D-15BB-4391-85D6-880193787C6C}.Debug|Any CPU.Build.0 = Debug|Any CPU
		{2909836D-15BB-4391-85D6-880193787C6C}.Release|Any CPU.ActiveCfg = Release|Any CPU
		{2909836D-15BB-4391-85D6-880193787C6C}.Release|Any CPU.Build.0 = Release|Any CPU
		{2909836D-15BB-4391-85D6-880193787C6C}.Test|Any CPU.ActiveCfg = Debug|Any CPU
		{2909836D-15BB-4391-85D6-880193787C6C}.Test|Any CPU.Build.0 = Debug|Any CPU
	EndGlobalSection
	GlobalSection(SolutionProperties) = preSolution
		HideSolutionNode = FALSE
	EndGlobalSection
	GlobalSection(ExtensibilityGlobals) = postSolution
		SolutionGuid = {D74B78E8-8CFB-45FB-A1D0-D4C60A83A0FB}
	EndGlobalSection
EndGlobal
